
Microsoft Visual Studio Solution File, Format Version 12.00
# Visual Studio Version 17
VisualStudioVersion = 17.9.34607.119
MinimumVisualStudioVersion = 10.0.40219.1
Project("{FAE04EC0-301F-11D3-BF4B-00C04F79EFBC}") = "CalculateLetterGrade", "CalculateLetterGrade.csproj", "{3DCFC5DE-2D85-4E6A-BD94-D2D6AF979616}"
EndProject
Global
	GlobalSection(SolutionConfigurationPlatforms) = preSolution
		Debug|Any CPU = Debug|Any CPU
		Release|Any CPU = Release|Any CPU
	EndGlobalSection
	GlobalSection(ProjectConfigurationPlatforms) = postSolution
		{3DCFC5DE-2D85-4E6A-BD94-D2D6AF979616}.Debug|Any CPU.ActiveCfg = Debug|Any CPU
		{3DCFC5DE-2D85-4E6A-BD94-D2D6AF979616}.Debug|Any CPU.Build.0 = Debug|Any CPU
		{3DCFC5DE-2D85-4E6A-BD94-D2D6AF979616}.Release|Any CPU.ActiveCfg = Release|Any CPU
		{3DCFC5DE-2D85-4E6A-BD94-D2D6AF979616}.Release|Any CPU.Build.0 = Release|Any CPU
	EndGlobalSection
	GlobalSection(SolutionProperties) = preSolution
		HideSolutionNode = FALSE
	EndGlobalSection
	GlobalSection(ExtensibilityGlobals) = postSolution
		SolutionGuid = {DA19E8B4-FF3E-41EF-9A94-41257AE2EA54}
	EndGlobalSection
EndGlobal
